
Microsoft Visual Studio Solution File, Format Version 12.00
# Visual Studio Version 17
VisualStudioVersion = 17.2.32519.379
MinimumVisualStudioVersion = 10.0.40219.1
Project("{9A19103F-16F7-4668-BE54-9A1E7A4F7556}") = "Sera.Common", "Sera.Common\Sera.Common.csproj", "{C462F3F5-A8DE-4D9F-9180-918A970FD91B}"
EndProject
Project("{FAE04EC0-301F-11D3-BF4B-00C04F79EFBC}") = "Sera.Common.Test", "Sera.Common.Test\Sera.Common.Test.csproj", "{502CA029-4604-480A-9FB5-A2E0C386CBDE}"
EndProject
Global
	GlobalSection(SolutionConfigurationPlatforms) = preSolution
		Debug|Any CPU = Debug|Any CPU
		Release|Any CPU = Release|Any CPU
	EndGlobalSection
	GlobalSection(ProjectConfigurationPlatforms) = postSolution
		{C462F3F5-A8DE-4D9F-9180-918A970FD91B}.Debug|Any CPU.ActiveCfg = Debug|Any CPU
		{C462F3F5-A8DE-4D9F-9180-918A970FD91B}.Debug|Any CPU.Build.0 = Debug|Any CPU
		{C462F3F5-A8DE-4D9F-9180-918A970FD91B}.Release|Any CPU.ActiveCfg = Release|Any CPU
		{C462F3F5-A8DE-4D9F-9180-918A970FD91B}.Release|Any CPU.Build.0 = Release|Any CPU
		{502CA029-4604-480A-9FB5-A2E0C386CBDE}.Debug|Any CPU.ActiveCfg = Debug|Any CPU
		{502CA029-4604-480A-9FB5-A2E0C386CBDE}.Debug|Any CPU.Build.0 = Debug|Any CPU
		{502CA029-4604-480A-9FB5-A2E0C386CBDE}.Release|Any CPU.ActiveCfg = Release|Any CPU
		{502CA029-4604-480A-9FB5-A2E0C386CBDE}.Release|Any CPU.Build.0 = Release|Any CPU
	EndGlobalSection
	GlobalSection(SolutionProperties) = preSolution
		HideSolutionNode = FALSE
	EndGlobalSection
	GlobalSection(ExtensibilityGlobals) = postSolution
		SolutionGuid = {8F62480E-830C-4972-995D-A37FEBA1CFB6}
	EndGlobalSection
EndGlobal
